
Microsoft Visual Studio Solution File, Format Version 12.00
# Visual Studio 15
VisualStudioVersion = 15.0.26730.12
MinimumVisualStudioVersion = 10.0.40219.1
Project("{FAE04EC0-301F-11D3-BF4B-00C04F79EFBC}") = "GadgetStore", "GadgetStore\GadgetStore.csproj", "{8E236ACA-7BA0-49CD-9421-EBD54789018F}"
EndProject
Global
	GlobalSection(SolutionConfigurationPlatforms) = preSolution
		Debug|Any CPU = Debug|Any CPU
		Release|Any CPU = Release|Any CPU
	EndGlobalSection
	GlobalSection(ProjectConfigurationPlatforms) = postSolution
		{8E236ACA-7BA0-49CD-9421-EBD54789018F}.Debug|Any CPU.ActiveCfg = Debug|Any CPU
		{8E236ACA-7BA0-49CD-9421-EBD54789018F}.Debug|Any CPU.Build.0 = Debug|Any CPU
		{8E236ACA-7BA0-49CD-9421-EBD54789018F}.Release|Any CPU.ActiveCfg = Release|Any CPU
		{8E236ACA-7BA0-49CD-9421-EBD54789018F}.Release|Any CPU.Build.0 = Release|Any CPU
	EndGlobalSection
	GlobalSection(SolutionProperties) = preSolution
		HideSolutionNode = FALSE
	EndGlobalSection
	GlobalSection(ExtensibilityGlobals) = postSolution
		SolutionGuid = {300C146E-4ACF-4CD9-A370-DD2201A12FA9}
	EndGlobalSection
EndGlobal
